
Microsoft Visual Studio Solution File, Format Version 12.00
# Visual Studio Version 17
VisualStudioVersion = 17.14.37216.2 d17.14
MinimumVisualStudioVersion = 10.0.40219.1
Project("{FAE04EC0-301F-11D3-BF4B-00C04F79EFBC}") = "spaceInvaders2", "spaceInvaders2\spaceInvaders2.csproj", "{B391E85F-34A1-404E-BD1F-D6F18A199E57}"
EndProject
Global
	GlobalSection(SolutionConfigurationPlatforms) = preSolution
		Debug|Any CPU = Debug|Any CPU
		Release|Any CPU = Release|Any CPU
	EndGlobalSection
	GlobalSection(ProjectConfigurationPlatforms) = postSolution
		{B391E85F-34A1-404E-BD1F-D6F18A199E57}.Debug|Any CPU.ActiveCfg = Debug|Any CPU
		{B391E85F-34A1-404E-BD1F-D6F18A199E57}.Debug|Any CPU.Build.0 = Debug|Any CPU
		{B391E85F-34A1-404E-BD1F-D6F18A199E57}.Release|Any CPU.ActiveCfg = Release|Any CPU
		{B391E85F-34A1-404E-BD1F-D6F18A199E57}.Release|Any CPU.Build.0 = Release|Any CPU
	EndGlobalSection
	GlobalSection(SolutionProperties) = preSolution
		HideSolutionNode = FALSE
	EndGlobalSection
	GlobalSection(ExtensibilityGlobals) = postSolution
		SolutionGuid = {DA8DD1DF-6245-43FB-A25D-D5105B9CD0FF}
	EndGlobalSection
EndGlobal
